# Generated by scripts/build_reconstruction_image.sh.
image_tag=video-to-minecraft/reconstruction:colmap-4.0.4
image_id=sha256:82c9d860d6b332341c08a24486e7ee847428e0bfcdca63c674d774271ddab739
colmap_version=COLMAP 4.0.4 -- Structure-from-Motion and Multi-View Stereo
colmap_commit=9c23f6942fe69962e06030905e77067c8673382f
cuda_architectures=89
built_at=2026-08-18T12:53:01Z
